
Microsoft Visual Studio Solution File, Format Version 12.00
# Visual Studio Version 17
VisualStudioVersion = 17.10.35004.147
MinimumVisualStudioVersion = 10.0.40219.1
Project("{FAE04EC0-301F-11D3-BF4B-00C04F79EFBC}") = "AutoRunner", "AutoRunner\AutoRunner.csproj", "{8A90B656-1E84-4996-9AB7-6743EAE85335}"
EndProject
Global
	GlobalSection(SolutionConfigurationPlatforms) = preSolution
		Debug|Any CPU = Debug|Any CPU
		Release|Any CPU = Release|Any CPU
	EndGlobalSection
	GlobalSection(ProjectConfigurationPlatforms) = postSolution
		{8A90B656-1E84-4996-9AB7-6743EAE85335}.Debug|Any CPU.ActiveCfg = Debug|Any CPU
		{8A90B656-1E84-4996-9AB7-6743EAE85335}.Debug|Any CPU.Build.0 = Debug|Any CPU
		{8A90B656-1E84-4996-9AB7-6743EAE85335}.Release|Any CPU.ActiveCfg = Release|Any CPU
		{8A90B656-1E84-4996-9AB7-6743EAE85335}.Release|Any CPU.Build.0 = Release|Any CPU
	EndGlobalSection
	GlobalSection(SolutionProperties) = preSolution
		HideSolutionNode = FALSE
	EndGlobalSection
	GlobalSection(ExtensibilityGlobals) = postSolution
		SolutionGuid = {9D62481E-7402-466C-9B17-0494FC2B8A69}
	EndGlobalSection
EndGlobal
